// !$*UTF8*$!
{
	archiveVersion = 1;
	classes = {
	};
	objectVersion = 56;
	objects = {

/* Begin PBXBuildFile section */
		C1BE657F29D71AB50074CAFB /* AppDelegate.swift in Sources */ = {isa = PBXBuildFile; fileRef = C1BE657E29D71AB50074CAFB /* AppDelegate.swift */; };
		C1BE658129D71AB50074CAFB /* SceneDelegate.swift in Sources */ = {isa = PBXBuildFile; fileRef = C1BE658029D71AB50074CAFB /* SceneDelegate.swift */; };
		C1BE658329D71AB50074CAFB /* ViewController.swift in Sources */ = {isa = PBXBuildFile; fileRef = C1BE658229D71AB50074CAFB /* ViewController.swift */; };
		C1BE658629D71AB50074CAFB /* Main.storyboard in Resources */ = {isa = PBXBuildFile; fileRef = C1BE658429D71AB50074CAFB /* Main.storyboard */; };
		C1BE658929D71AB50074CAFB /* NoteTaking.xcdatamodeld in Sources */ = {isa = PBXBuildFile; fileRef = C1BE658729D71AB50074CAFB /* NoteTaking.xcdatamodeld */; };
		C1BE658B29D71AB80074CAFB /* Assets.xcassets in Resources */ = {isa = PBXBuildFile; fileRef = C1BE658A29D71AB80074CAFB /* Assets.xcassets */; };
		C1BE658E29D71AB80074CAFB /* LaunchScreen.storyboard in Resources */ = {isa = PBXBuildFile; fileRef = C1BE658C29D71AB80074CAFB /* LaunchScreen.storyboard */; };
		C1BE659829D720C70074CAFB /* NoteViewController.swift in Sources */ = {isa = PBXBuildFile; fileRef = C1BE659729D720C70074CAFB /* NoteViewController.swift */; };
/* End PBXBuildFile section */

/* Begin PBXFileReference section */
		C1BE657B29D71AB50074CAFB /* NoteTaking.app */ = {isa = PBXFileReference; explicitFileType = wrapper.application; includeInIndex = 0; path = NoteTaking.app; sourceTree = BUILT_PRODUCTS_DIR; };
		C1BE657E29D71AB50074CAFB /* AppDelegate.swift */ = {isa = PBXFileReference; lastKnownFileType = sourcecode.swift; path = AppDelegate.swift; sourceTree = "<group>"; };
		C1BE658029D71AB50074CAFB /* SceneDelegate.swift */ = {isa = PBXFileReference; lastKnownFileType = sourcecode.swift; path = SceneDelegate.swift; sourceTree = "<group>"; };
		C1BE658229D71AB50074CAFB /* ViewController.swift */ = {isa = PBXFileReference; lastKnownFileType = sourcecode.swift; path = ViewController.swift; sourceTree = "<group>"; };
		C1BE658529D71AB50074CAFB /* Base */ = {isa = PBXFileReference; lastKnownFileType = file.storyboard; name = Base; path = Base.lproj/Main.storyboard; sourceTree = "<group>"; };
		C1BE658829D71AB50074CAFB /* NoteTaking.xcdatamodel */ = {isa = PBXFileReference; lastKnownFileType = wrapper.xcdatamodel; path = NoteTaking.xcdatamodel; sourceTree = "<group>"; };
		C1BE658A29D71AB80074CAFB /* Assets.xcassets */ = {isa = PBXFileReference; lastKnownFileType = folder.assetcatalog; path = Assets.xcassets; sourceTree = "<group>"; };
		C1BE658D29D71AB80074CAFB /* Base */ = {isa = PBXFileReference; lastKnownFileType = file.storyboard; name = Base; path = Base.lproj/LaunchScreen.storyboard; sourceTree = "<group>"; };
		C1BE658F29D71AB80074CAFB /* Info.plist */ = {isa = PBXFileReference; lastKnownFileType = text.plist.xml; path = Info.plist; sourceTree = "<group>"; };
		C1BE659729D720C70074CAFB /* NoteViewController.swift */ = {isa = PBXFileReference; lastKnownFileType = sourcecode.swift; path = NoteViewController.swift; sourceTree = "<group>"; };
/* End PBXFileReference section */

/* Begin PBXFrameworksBuildPhase section */
		C1BE657829D71AB50074CAFB /* Frameworks */ = {
			isa = PBXFrameworksBuildPhase;
			buildActionMask = 2147483647;
			files = (
			);
			runOnlyForDeploymentPostprocessing = 0;
		};
/* End PBXFrameworksBuildPhase section */

/* Begin PBXGroup section */
		C1BE657229D71AB50074CAFB = {
			isa = PBXGroup;
			children = (
				C1BE657D29D71AB50074CAFB /* NoteTaking */,
				C1BE657C29D71AB50074CAFB /* Products */,
			);
			sourceTree = "<group>";
		};
		C1BE657C29D71AB50074CAFB /* Products */ = {
			isa = PBXGroup;
			children = (
				C1BE657B29D71AB50074CAFB /* NoteTaking.app */,
			);
			name = Products;
			sourceTree = "<group>";
		};
		C1BE657D29D71AB50074CAFB /* NoteTaking */ = {
			isa = PBXGroup;
			children = (
				C1BE657E29D71AB50074CAFB /* AppDelegate.swift */,
				C1BE658029D71AB50074CAFB /* SceneDelegate.swift */,
				C1BE658229D71AB50074CAFB /* ViewController.swift */,
				C1BE658429D71AB50074CAFB /* Main.storyboard */,
				C1BE658A29D71AB80074CAFB /* Assets.xcassets */,
				C1BE658C29D71AB80074CAFB /* LaunchScreen.storyboard */,
				C1BE658F29D71AB80074CAFB /* Info.plist */,
				C1BE658729D71AB50074CAFB /* NoteTaking.xcdatamodeld */,
				C1BE659729D720C70074CAFB /* NoteViewController.swift */,
			);
			path = NoteTaking;
			sourceTree = "<group>";
		};
/* End PBXGroup section */

/* Begin PBXNativeTarget section */
		C1BE657A29D71AB50074CAFB /* NoteTaking */ = {
			isa = PBXNativeTarget;
			buildConfigurationList = C1BE659229D71AB80074CAFB /* Build configuration list for PBXNativeTarget "NoteTaking" */;
			buildPhases = (
				C1BE657729D71AB50074CAFB /* Sources */,
				C1BE657829D71AB50074CAFB /* Frameworks */,
				C1BE657929D71AB50074CAFB /* Resources */,
			);
			buildRules = (
			);
			dependencies = (
			);
			name = NoteTaking;
			productName = NoteTaking;
			productReference = C1BE657B29D71AB50074CAFB /* NoteTaking.app */;
			productType = "com.apple.product-type.application";
		};
/* End PBXNativeTarget section */

/* Begin PBXProject section */
		C1BE657329D71AB50074CAFB /* Project object */ = {
			isa = PBXProject;
			attributes = {
				BuildIndependentTargetsInParallel = 1;
				LastSwiftUpdateCheck = 1420;
				LastUpgradeCheck = 1420;
				TargetAttributes = {
					C1BE657A29D71AB50074CAFB = {
						CreatedOnToolsVersion = 14.2;
					};
				};
			};
			buildConfigurationList = C1BE657629D71AB50074CAFB /* Build configuration list for PBXProject "NoteTaking" */;
			compatibilityVersion = "Xcode 14.0";
			developmentRegion = en;
			hasScannedForEncodings = 0;
			knownRegions = (
				en,
				Base,
			);
			mainGroup = C1BE657229D71AB50074CAFB;
			productRefGroup = C1BE657C29D71AB50074CAFB /* Products */;
			projectDirPath = "";
			projectRoot = "";
			targets = (
				C1BE657A29D71AB50074CAFB /* NoteTaking */,
			);
		};
/* End PBXProject section */

/* Begin PBXResourcesBuildPhase section */
		C1BE657929D71AB50074CAFB /* Resources */ = {
			isa = PBXResourcesBuildPhase;
			buildActionMask = 2147483647;
			files = (
				C1BE658E29D71AB80074CAFB /* LaunchScreen.storyboard in Resources */,
				C1BE658B29D71AB80074CAFB /* Assets.xcassets in Resources */,
				C1BE658629D71AB50074CAFB /* Main.storyboard in Resources */,
			);
			runOnlyForDeploymentPostprocessing = 0;
		};
/* End PBXResourcesBuildPhase section */

/* Begin PBXSourcesBuildPhase section */
		C1BE657729D71AB50074CAFB /* Sources */ = {
			isa = PBXSourcesBuildPhase;
			buildActionMask = 2147483647;
			files = (
				C1BE658329D71AB50074CAFB /* ViewController.swift in Sources */,
				C1BE657F29D71AB50074CAFB /* AppDelegate.swift in Sources */,
				C1BE658129D71AB50074CAFB /* SceneDelegate.swift in Sources */,
				C1BE658929D71AB50074CAFB /* NoteTaking.xcdatamodeld in Sources */,
				C1BE659829D720C70074CAFB /* NoteViewController.swift in Sources */,
			);
			runOnlyForDeploymentPostprocessing = 0;
		};
/* End PBXSourcesBuildPhase section */

/* Begin PBXVariantGroup section */
		C1BE658429D71AB50074CAFB /* Main.storyboard */ = {
			isa = PBXVariantGroup;
			children = (
				C1BE658529D71AB50074CAFB /* Base */,
			);
			name = Main.storyboard;
			sourceTree = "<group>";
		};
		C1BE658C29D71AB80074CAFB /* LaunchScreen.storyboard */ = {
			isa = PBXVariantGroup;
			children = (
				C1BE658D29D71AB80074CAFB /* Base */,
			);
			name = LaunchScreen.storyboard;
			sourceTree = "<group>";
		};
/* End PBXVariantGroup section */

/* Begin XCBuildConfiguration section */
		C1BE659029D71AB80074CAFB /* Debug */ = {
			isa = XCBuildConfiguration;
			buildSettings = {
				ALWAYS_SEARCH_USER_PATHS = NO;
				CLANG_ANALYZER_NONNULL = YES;
				CLANG_ANALYZER_NUMBER_OBJECT_CONVERSION = YES_AGGRESSIVE;
				CLANG_CXX_LANGUAGE_STANDARD = "gnu++20";
				CLANG_ENABLE_MODULES = YES;
				CLANG_ENABLE_OBJC_ARC = YES;
				CLANG_ENABLE_OBJC_WEAK = YES;
				CLANG_WARN_BLOCK_CAPTURE_AUTORELEASING = YES;
				CLANG_WARN_BOOL_CONVERSION = YES;
				CLANG_WARN_COMMA = YES;
				CLANG_WARN_CONSTANT_CONVERSION = YES;
				CLANG_WARN_DEPRECATED_OBJC_IMPLEMENTATIONS = YES;
				CLANG_WARN_DIRECT_OBJC_ISA_USAGE = YES_ERROR;
				CLANG_WARN_DOCUMENTATION_COMMENTS = YES;
				CLANG_WARN_EMPTY_BODY = YES;
				CLANG_WARN_ENUM_CONVERSION = YES;
				CLANG_WARN_INFINITE_RECURSION = YES;
				CLANG_WARN_INT_CONVERSION = YES;
				CLANG_WARN_NON_LITERAL_NULL_CONVERSION = YES;
				CLANG_WARN_OBJC_IMPLICIT_RETAIN_SELF = YES;
				CLANG_WARN_OBJC_LITERAL_CONVERSION = YES;
				CLANG_WARN_OBJC_ROOT_CLASS = YES_ERROR;
				CLANG_WARN_QUOTED_INCLUDE_IN_FRAMEWORK_HEADER = YES;
				CLANG_WARN_RANGE_LOOP_ANALYSIS = YES;
				CLANG_WARN_STRICT_PROTOTYPES = YES;
				CLANG_WARN_SUSPICIOUS_MOVE = YES;
				CLANG_WARN_UNGUARDED_AVAILABILITY = YES_AGGRESSIVE;
				CLANG_WARN_UNREACHABLE_CODE = YES;
				CLANG_WARN__DUPLICATE_METHOD_MATCH = YES;
				COPY_PHASE_STRIP = NO;
				DEBUG_INFORMATION_FORMAT = dwarf;
				ENABLE_STRICT_OBJC_MSGSEND = YES;
				ENABLE_TESTABILITY = YES;
				GCC_C_LANGUAGE_STANDARD = gnu11;
				GCC_DYNAMIC_NO_PIC = NO;
				GCC_NO_COMMON_BLOCKS = YES;
				GCC_OPTIMIZATION_LEVEL = 0;
				GCC_PREPROCESSOR_DEFINITIONS = (
					"DEBUG=1",
					"$(inherited)",
				);
				GCC_WARN_64_TO_32_BIT_CONVERSION = YES;
				GCC_WARN_ABOUT_RETURN_TYPE = YES_ERROR;
				GCC_WARN_UNDECLARED_SELECTOR = YES;
				GCC_WARN_UNINITIALIZED_AUTOS = YES_AGGRESSIVE;
				GCC_WARN_UNUSED_FUNCTION = YES;
				GCC_WARN_UNUSED_VARIABLE = YES;
				IPHONEOS_DEPLOYMENT_TARGET = 16.2;
				MTL_ENABLE_DEBUG_INFO = INCLUDE_SOURCE;
				MTL_FAST_MATH = YES;
				ONLY_ACTIVE_ARCH = YES;
				SDKROOT = iphoneos;
				SWIFT_ACTIVE_COMPILATION_CONDITIONS = DEBUG;
				SWIFT_OPTIMIZATION_LEVEL = "-Onone";
			};
			name = Debug;
		};
		C1BE659129D71AB80074CAFB /* Release */ = {
			isa = XCBuildConfiguration;
			buildSettings = {
				ALWAYS_SEARCH_USER_PATHS = NO;
				CLANG_ANALYZER_NONNULL = YES;
				CLANG_ANALYZER_NUMBER_OBJECT_CONVERSION = YES_AGGRESSIVE;
				CLANG_CXX_LANGUAGE_STANDARD = "gnu++20";
				CLANG_ENABLE_MODULES = YES;
				CLANG_ENABLE_OBJC_ARC = YES;
				CLANG_ENABLE_OBJC_WEAK = YES;
				CLANG_WARN_BLOCK_CAPTURE_AUTORELEASING = YES;
				CLANG_WARN_BOOL_CONVERSION = YES;
				CLANG_WARN_COMMA = YES;
				CLANG_WARN_CONSTANT_CONVERSION = YES;
				CLANG_WARN_DEPRECATED_OBJC_IMPLEMENTATIONS = YES;
				CLANG_WARN_DIRECT_OBJC_ISA_USAGE = YES_ERROR;
				CLANG_WARN_DOCUMENTATION_COMMENTS = YES;
				CLANG_WARN_EMPTY_BODY = YES;
				CLANG_WARN_ENUM_CONVERSION = YES;
				CLANG_WARN_INFINITE_RECURSION = YES;
				CLANG_WARN_INT_CONVERSION = YES;
				CLANG_WARN_NON_LITERAL_NULL_CONVERSION = YES;
				CLANG_WARN_OBJC_IMPLICIT_RETAIN_SELF = YES;
				CLANG_WARN_OBJC_LITERAL_CONVERSION = YES;
				CLANG_WARN_OBJC_ROOT_CLASS = YES_ERROR;
				CLANG_WARN_QUOTED_INCLUDE_IN_FRAMEWORK_HEADER = YES;
				CLANG_WARN_RANGE_LOOP_ANALYSIS = YES;
				CLANG_WARN_STRICT_PROTOTYPES = YES;
				CLANG_WARN_SUSPICIOUS_MOVE = YES;
				CLANG_WARN_UNGUARDED_AVAILABILITY = YES_AGGRESSIVE;
				CLANG_WARN_UNREACHABLE_CODE = YES;
				CLANG_WARN__DUPLICATE_METHOD_MATCH = YES;
				COPY_PHASE_STRIP = NO;
				DEBUG_INFORMATION_FORMAT = "dwarf-with-dsym";
				ENABLE_NS_ASSERTIONS = NO;
				ENABLE_STRICT_OBJC_MSGSEND = YES;
				GCC_C_LANGUAGE_STANDARD = gnu11;
				GCC_NO_COMMON_BLOCKS = YES;
				GCC_WARN_64_TO_32_BIT_CONVERSION = YES;
				GCC_WARN_ABOUT_RETURN_TYPE = YES_ERROR;
				GCC_WARN_UNDECLARED_SELECTOR = YES;
				GCC_WARN_UNINITIALIZED_AUTOS = YES_AGGRESSIVE;
				GCC_WARN_UNUSED_FUNCTION = YES;
				GCC_WARN_UNUSED_VARIABLE = YES;
				IPHONEOS_DEPLOYMENT_TARGET = 16.2;
				MTL_ENABLE_DEBUG_INFO = NO;
				MTL_FAST_MATH = YES;
				SDKROOT = iphoneos;
				SWIFT_COMPILATION_MODE = wholemodule;
				SWIFT_OPTIMIZATION_LEVEL = "-O";
				VALIDATE_PRODUCT = YES;
			};
			name = Release;
		};
		C1BE659329D71AB80074CAFB /* Debug */ = {
			isa = XCBuildConfiguration;
			buildSettings = {
				ASSETCATALOG_COMPILER_APPICON_NAME = AppIcon;
				ASSETCATALOG_COMPILER_GLOBAL_ACCENT_COLOR_NAME = AccentColor;
				CODE_SIGN_STYLE = Automatic;
				CURRENT_PROJECT_VERSION = 1;
				GENERATE_INFOPLIST_FILE = YES;
				INFOPLIST_FILE = NoteTaking/Info.plist;
				INFOPLIST_KEY_UIApplicationSupportsIndirectInputEvents = YES;
				INFOPLIST_KEY_UILaunchStoryboardName = LaunchScreen;
				INFOPLIST_KEY_UIMainStoryboardFile = Main;
				INFOPLIST_KEY_UISupportedInterfaceOrientations_iPad = "UIInterfaceOrientationPortrait UIInterfaceOrientationPortraitUpsideDown UIInterfaceOrientationLandscapeLeft UIInterfaceOrientationLandscapeRight";
				INFOPLIST_KEY_UISupportedInterfaceOrientations_iPhone = "UIInterfaceOrientationPortrait UIInterfaceOrientationLandscapeLeft UIInterfaceOrientationLandscapeRight";
				LD_RUNPATH_SEARCH_PATHS = (
					"$(inherited)",
					"@executable_path/Frameworks",
				);
				MARKETING_VERSION = 1.0;
				PRODUCT_BUNDLE_IDENTIFIER = com.sgcluca.NoteTaking;
				PRODUCT_NAME = "$(TARGET_NAME)";
				SWIFT_EMIT_LOC_STRINGS = YES;
				SWIFT_VERSION = 5.0;
				TARGETED_DEVICE_FAMILY = "1,2";
			};
			name = Debug;
		};
		C1BE659429D71AB80074CAFB /* Release */ = {
			isa = XCBuildConfiguration;
			buildSettings = {
				ASSETCATALOG_COMPILER_APPICON_NAME = AppIcon;
				ASSETCATALOG_COMPILER_GLOBAL_ACCENT_COLOR_NAME = AccentColor;
				CODE_SIGN_STYLE = Automatic;
				CURRENT_PROJECT_VERSION = 1;
				GENERATE_INFOPLIST_FILE = YES;
				INFOPLIST_FILE = NoteTaking/Info.plist;
				INFOPLIST_KEY_UIApplicationSupportsIndirectInputEvents = YES;
				INFOPLIST_KEY_UILaunchStoryboardName = LaunchScreen;
				INFOPLIST_KEY_UIMainStoryboardFile = Main;
				INFOPLIST_KEY_UISupportedInterfaceOrientations_iPad = "UIInterfaceOrientationPortrait UIInterfaceOrientationPortraitUpsideDown UIInterfaceOrientationLandscapeLeft UIInterfaceOrientationLandscapeRight";
				INFOPLIST_KEY_UISupportedInterfaceOrientations_iPhone = "UIInterfaceOrientationPortrait UIInterfaceOrientationLandscapeLeft UIInterfaceOrientationLandscapeRight";
				LD_RUNPATH_SEARCH_PATHS = (
					"$(inherited)",
					"@executable_path/Frameworks",
				);
				MARKETING_VERSION = 1.0;
				PRODUCT_BUNDLE_IDENTIFIER = com.sgcluca.NoteTaking;
				PRODUCT_NAME = "$(TARGET_NAME)";
				SWIFT_EMIT_LOC_STRINGS = YES;
				SWIFT_VERSION = 5.0;
				TARGETED_DEVICE_FAMILY = "1,2";
			};
			name = Release;
		};
/* End XCBuildConfiguration section */

/* Begin XCConfigurationList section */
		C1BE657629D71AB50074CAFB /* Build configuration list for PBXProject "NoteTaking" */ = {
			isa = XCConfigurationList;
			buildConfigurations = (
				C1BE659029D71AB80074CAFB /* Debug */,
				C1BE659129D71AB80074CAFB /* Release */,
			);
			defaultConfigurationIsVisible = 0;
			defaultConfigurationName = Release;
		};
		C1BE659229D71AB80074CAFB /* Build configuration list for PBXNativeTarget "NoteTaking" */ = {
			isa = XCConfigurationList;
			buildConfigurations = (
				C1BE659329D71AB80074CAFB /* Debug */,
				C1BE659429D71AB80074CAFB /* Release */,
			);
			defaultConfigurationIsVisible = 0;
			defaultConfigurationName = Release;
		};
/* End XCConfigurationList section */

/* Begin XCVersionGroup section */
		C1BE658729D71AB50074CAFB /* NoteTaking.xcdatamodeld */ = {
			isa = XCVersionGroup;
			children = (
				C1BE658829D71AB50074CAFB /* NoteTaking.xcdatamodel */,
			);
			currentVersion = C1BE658829D71AB50074CAFB /* NoteTaking.xcdatamodel */;
			path = NoteTaking.xcdatamodeld;
			sourceTree = "<group>";
			versionGroupType = wrapper.xcdatamodel;
		};
/* End XCVersionGroup section */
	};
	rootObject = C1BE657329D71AB50074CAFB /* Project object */;
}
